// !$*UTF8*$!
{
	archiveVersion = 1;
	classes = {
	};
	objectVersion = 46;
	objects = {

/* Begin PBXBuildFile section */
		87E060261A48EE9C007F24D6 /* main.m in Sources */ = {isa = PBXBuildFile; fileRef = 87E060251A48EE9C007F24D6 /* main.m */; };
		87E060291A48EE9C007F24D6 /* AppDelegate.m in Sources */ = {isa = PBXBuildFile; fileRef = 87E060281A48EE9C007F24D6 /* AppDelegate.m */; };
		87E0602C1A48EE9C007F24D6 /* ViewController.m in Sources */ = {isa = PBXBuildFile; fileRef = 87E0602B1A48EE9C007F24D6 /* ViewController.m */; };
		87E060311A48EE9C007F24D6 /* Images.xcassets in Resources */ = {isa = PBXBuildFile; fileRef = 87E060301A48EE9C007F24D6 /* Images.xcassets */; };
		87E060401A48EE9C007F24D6 /* WeatherlyTests.m in Sources */ = {isa = PBXBuildFile; fileRef = 87E0603F1A48EE9C007F24D6 /* WeatherlyTests.m */; };
		87E060501A48EF70007F24D6 /* UserLocationManager.m in Sources */ = {isa = PBXBuildFile; fileRef = 87E0604F1A48EF70007F24D6 /* UserLocationManager.m */; };
		87E060571A48F06E007F24D6 /* CustomActivityIndicator.m in Sources */ = {isa = PBXBuildFile; fileRef = 87E060561A48F06E007F24D6 /* CustomActivityIndicator.m */; };
		87EF53ED1A4967A4008E3DC3 /* LaunchScreen.xib in Resources */ = {isa = PBXBuildFile; fileRef = 87EF53E91A4967A4008E3DC3 /* LaunchScreen.xib */; };
		87EF53EE1A4967A4008E3DC3 /* Main.storyboard in Resources */ = {isa = PBXBuildFile; fileRef = 87EF53EB1A4967A4008E3DC3 /* Main.storyboard */; };
/* End PBXBuildFile section */

/* Begin PBXContainerItemProxy section */
		87E0603A1A48EE9C007F24D6 /* PBXContainerItemProxy */ = {
			isa = PBXContainerItemProxy;
			containerPortal = 87E060181A48EE9C007F24D6 /* Project object */;
			proxyType = 1;
			remoteGlobalIDString = 87E0601F1A48EE9C007F24D6;
			remoteInfo = Weatherly;
		};
/* End PBXContainerItemProxy section */

/* Begin PBXFileReference section */
		87E060201A48EE9C007F24D6 /* Weatherly.app */ = {isa = PBXFileReference; explicitFileType = wrapper.application; includeInIndex = 0; path = Weatherly.app; sourceTree = BUILT_PRODUCTS_DIR; };
		87E060241A48EE9C007F24D6 /* Info.plist */ = {isa = PBXFileReference; lastKnownFileType = text.plist.xml; path = Info.plist; sourceTree = "<group>"; };
		87E060251A48EE9C007F24D6 /* main.m */ = {isa = PBXFileReference; lastKnownFileType = sourcecode.c.objc; path = main.m; sourceTree = "<group>"; };
		87E060271A48EE9C007F24D6 /* AppDelegate.h */ = {isa = PBXFileReference; lastKnownFileType = sourcecode.c.h; path = AppDelegate.h; sourceTree = "<group>"; };
		87E060281A48EE9C007F24D6 /* AppDelegate.m */ = {isa = PBXFileReference; lastKnownFileType = sourcecode.c.objc; path = AppDelegate.m; sourceTree = "<group>"; };
		87E0602A1A48EE9C007F24D6 /* ViewController.h */ = {isa = PBXFileReference; lastKnownFileType = sourcecode.c.h; path = ViewController.h; sourceTree = "<group>"; };
		87E0602B1A48EE9C007F24D6 /* ViewController.m */ = {isa = PBXFileReference; lastKnownFileType = sourcecode.c.objc; path = ViewController.m; sourceTree = "<group>"; };
		87E060301A48EE9C007F24D6 /* Images.xcassets */ = {isa = PBXFileReference; lastKnownFileType = folder.assetcatalog; path = Images.xcassets; sourceTree = "<group>"; };
		87E060391A48EE9C007F24D6 /* WeatherlyTests.xctest */ = {isa = PBXFileReference; explicitFileType = wrapper.cfbundle; includeInIndex = 0; path = WeatherlyTests.xctest; sourceTree = BUILT_PRODUCTS_DIR; };
		87E0603E1A48EE9C007F24D6 /* Info.plist */ = {isa = PBXFileReference; lastKnownFileType = text.plist.xml; path = Info.plist; sourceTree = "<group>"; };
		87E0603F1A48EE9C007F24D6 /* WeatherlyTests.m */ = {isa = PBXFileReference; lastKnownFileType = sourcecode.c.objc; path = WeatherlyTests.m; sourceTree = "<group>"; };
		87E0604F1A48EF70007F24D6 /* UserLocationManager.m */ = {isa = PBXFileReference; fileEncoding = 4; lastKnownFileType = sourcecode.c.objc; path = UserLocationManager.m; sourceTree = "<group>"; };
		87E060511A48EF85007F24D6 /* UserLocationManager.h */ = {isa = PBXFileReference; lastKnownFileType = sourcecode.c.h; path = UserLocationManager.h; sourceTree = "<group>"; };
		87E060551A48F06E007F24D6 /* CustomActivityIndicator.h */ = {isa = PBXFileReference; fileEncoding = 4; lastKnownFileType = sourcecode.c.h; path = CustomActivityIndicator.h; sourceTree = "<group>"; };
		87E060561A48F06E007F24D6 /* CustomActivityIndicator.m */ = {isa = PBXFileReference; fileEncoding = 4; lastKnownFileType = sourcecode.c.objc; path = CustomActivityIndicator.m; sourceTree = "<group>"; };
		87EF53EA1A4967A4008E3DC3 /* Base */ = {isa = PBXFileReference; lastKnownFileType = file.xib; name = Base; path = Weatherly/Base.lproj/LaunchScreen.xib; sourceTree = "<group>"; };
		87EF53EC1A4967A4008E3DC3 /* Base */ = {isa = PBXFileReference; lastKnownFileType = file.storyboard; name = Base; path = Weatherly/Base.lproj/Main.storyboard; sourceTree = "<group>"; };
/* End PBXFileReference section */

/* Begin PBXFrameworksBuildPhase section */
		87E0601D1A48EE9C007F24D6 /* Frameworks */ = {
			isa = PBXFrameworksBuildPhase;
			buildActionMask = 2147483647;
			files = (
			);
			runOnlyForDeploymentPostprocessing = 0;
		};
		87E060361A48EE9C007F24D6 /* Frameworks */ = {
			isa = PBXFrameworksBuildPhase;
			buildActionMask = 2147483647;
			files = (
			);
			runOnlyForDeploymentPostprocessing = 0;
		};
/* End PBXFrameworksBuildPhase section */

/* Begin PBXGroup section */
		87E060171A48EE9C007F24D6 = {
			isa = PBXGroup;
			children = (
				87EF53E91A4967A4008E3DC3 /* LaunchScreen.xib */,
				87EF53EB1A4967A4008E3DC3 /* Main.storyboard */,
				87E060221A48EE9C007F24D6 /* Weatherly */,
				87E0603C1A48EE9C007F24D6 /* WeatherlyTests */,
				87E060211A48EE9C007F24D6 /* Products */,
			);
			sourceTree = "<group>";
		};
		87E060211A48EE9C007F24D6 /* Products */ = {
			isa = PBXGroup;
			children = (
				87E060201A48EE9C007F24D6 /* Weatherly.app */,
				87E060391A48EE9C007F24D6 /* WeatherlyTests.xctest */,
			);
			name = Products;
			sourceTree = "<group>";
		};
		87E060221A48EE9C007F24D6 /* Weatherly */ = {
			isa = PBXGroup;
			children = (
				87E060271A48EE9C007F24D6 /* AppDelegate.h */,
				87E060281A48EE9C007F24D6 /* AppDelegate.m */,
				87E060511A48EF85007F24D6 /* UserLocationManager.h */,
				87E0604F1A48EF70007F24D6 /* UserLocationManager.m */,
				87E060551A48F06E007F24D6 /* CustomActivityIndicator.h */,
				87E060561A48F06E007F24D6 /* CustomActivityIndicator.m */,
				87E0602A1A48EE9C007F24D6 /* ViewController.h */,
				87E0602B1A48EE9C007F24D6 /* ViewController.m */,
				87E060301A48EE9C007F24D6 /* Images.xcassets */,
				87E060231A48EE9C007F24D6 /* Supporting Files */,
			);
			path = Weatherly;
			sourceTree = "<group>";
		};
		87E060231A48EE9C007F24D6 /* Supporting Files */ = {
			isa = PBXGroup;
			children = (
				87E060241A48EE9C007F24D6 /* Info.plist */,
				87E060251A48EE9C007F24D6 /* main.m */,
			);
			name = "Supporting Files";
			sourceTree = "<group>";
		};
		87E0603C1A48EE9C007F24D6 /* WeatherlyTests */ = {
			isa = PBXGroup;
			children = (
				87E0603F1A48EE9C007F24D6 /* WeatherlyTests.m */,
				87E0603D1A48EE9C007F24D6 /* Supporting Files */,
			);
			path = WeatherlyTests;
			sourceTree = "<group>";
		};
		87E0603D1A48EE9C007F24D6 /* Supporting Files */ = {
			isa = PBXGroup;
			children = (
				87E0603E1A48EE9C007F24D6 /* Info.plist */,
			);
			name = "Supporting Files";
			sourceTree = "<group>";
		};
/* End PBXGroup section */

/* Begin PBXNativeTarget section */
		87E0601F1A48EE9C007F24D6 /* Weatherly */ = {
			isa = PBXNativeTarget;
			buildConfigurationList = 87E060431A48EE9C007F24D6 /* Build configuration list for PBXNativeTarget "Weatherly" */;
			buildPhases = (
				87E0601C1A48EE9C007F24D6 /* Sources */,
				87E0601D1A48EE9C007F24D6 /* Frameworks */,
				87E0601E1A48EE9C007F24D6 /* Resources */,
			);
			buildRules = (
			);
			dependencies = (
			);
			name = Weatherly;
			productName = Weatherly;
			productReference = 87E060201A48EE9C007F24D6 /* Weatherly.app */;
			productType = "com.apple.product-type.application";
		};
		87E060381A48EE9C007F24D6 /* WeatherlyTests */ = {
			isa = PBXNativeTarget;
			buildConfigurationList = 87E060461A48EE9C007F24D6 /* Build configuration list for PBXNativeTarget "WeatherlyTests" */;
			buildPhases = (
				87E060351A48EE9C007F24D6 /* Sources */,
				87E060361A48EE9C007F24D6 /* Frameworks */,
				87E060371A48EE9C007F24D6 /* Resources */,
			);
			buildRules = (
			);
			dependencies = (
				87E0603B1A48EE9C007F24D6 /* PBXTargetDependency */,
			);
			name = WeatherlyTests;
			productName = WeatherlyTests;
			productReference = 87E060391A48EE9C007F24D6 /* WeatherlyTests.xctest */;
			productType = "com.apple.product-type.bundle.unit-test";
		};
/* End PBXNativeTarget section */

/* Begin PBXProject section */
		87E060181A48EE9C007F24D6 /* Project object */ = {
			isa = PBXProject;
			attributes = {
				LastUpgradeCheck = 0610;
				ORGANIZATIONNAME = "Adam Cooper";
				TargetAttributes = {
					87E0601F1A48EE9C007F24D6 = {
						CreatedOnToolsVersion = 6.1.1;
					};
					87E060381A48EE9C007F24D6 = {
						CreatedOnToolsVersion = 6.1.1;
						TestTargetID = 87E0601F1A48EE9C007F24D6;
					};
				};
			};
			buildConfigurationList = 87E0601B1A48EE9C007F24D6 /* Build configuration list for PBXProject "Weatherly" */;
			compatibilityVersion = "Xcode 3.2";
			developmentRegion = English;
			hasScannedForEncodings = 0;
			knownRegions = (
				en,
				Base,
			);
			mainGroup = 87E060171A48EE9C007F24D6;
			productRefGroup = 87E060211A48EE9C007F24D6 /* Products */;
			projectDirPath = "";
			projectRoot = "";
			targets = (
				87E0601F1A48EE9C007F24D6 /* Weatherly */,
				87E060381A48EE9C007F24D6 /* WeatherlyTests */,
			);
		};
/* End PBXProject section */

/* Begin PBXResourcesBuildPhase section */
		87E0601E1A48EE9C007F24D6 /* Resources */ = {
			isa = PBXResourcesBuildPhase;
			buildActionMask = 2147483647;
			files = (
				87EF53EE1A4967A4008E3DC3 /* Main.storyboard in Resources */,
				87EF53ED1A4967A4008E3DC3 /* LaunchScreen.xib in Resources */,
				87E060311A48EE9C007F24D6 /* Images.xcassets in Resources */,
			);
			runOnlyForDeploymentPostprocessing = 0;
		};
		87E060371A48EE9C007F24D6 /* Resources */ = {
			isa = PBXResourcesBuildPhase;
			buildActionMask = 2147483647;
			files = (
			);
			runOnlyForDeploymentPostprocessing = 0;
		};
/* End PBXResourcesBuildPhase section */

/* Begin PBXSourcesBuildPhase section */
		87E0601C1A48EE9C007F24D6 /* Sources */ = {
			isa = PBXSourcesBuildPhase;
			buildActionMask = 2147483647;
			files = (
				87E0602C1A48EE9C007F24D6 /* ViewController.m in Sources */,
				87E060291A48EE9C007F24D6 /* AppDelegate.m in Sources */,
				87E060261A48EE9C007F24D6 /* main.m in Sources */,
				87E060571A48F06E007F24D6 /* CustomActivityIndicator.m in Sources */,
				87E060501A48EF70007F24D6 /* UserLocationManager.m in Sources */,
			);
			runOnlyForDeploymentPostprocessing = 0;
		};
		87E060351A48EE9C007F24D6 /* Sources */ = {
			isa = PBXSourcesBuildPhase;
			buildActionMask = 2147483647;
			files = (
				87E060401A48EE9C007F24D6 /* WeatherlyTests.m in Sources */,
			);
			runOnlyForDeploymentPostprocessing = 0;
		};
/* End PBXSourcesBuildPhase section */

/* Begin PBXTargetDependency section */
		87E0603B1A48EE9C007F24D6 /* PBXTargetDependency */ = {
			isa = PBXTargetDependency;
			target = 87E0601F1A48EE9C007F24D6 /* Weatherly */;
			targetProxy = 87E0603A1A48EE9C007F24D6 /* PBXContainerItemProxy */;
		};
/* End PBXTargetDependency section */

/* Begin PBXVariantGroup section */
		87EF53E91A4967A4008E3DC3 /* LaunchScreen.xib */ = {
			isa = PBXVariantGroup;
			children = (
				87EF53EA1A4967A4008E3DC3 /* Base */,
			);
			name = LaunchScreen.xib;
			sourceTree = "<group>";
		};
		87EF53EB1A4967A4008E3DC3 /* Main.storyboard */ = {
			isa = PBXVariantGroup;
			children = (
				87EF53EC1A4967A4008E3DC3 /* Base */,
			);
			name = Main.storyboard;
			sourceTree = "<group>";
		};
/* End PBXVariantGroup section */

/* Begin XCBuildConfiguration section */
		87E060411A48EE9C007F24D6 /* Debug */ = {
			isa = XCBuildConfiguration;
			buildSettings = {
				ALWAYS_SEARCH_USER_PATHS = NO;
				CLANG_CXX_LANGUAGE_STANDARD = "gnu++0x";
				CLANG_CXX_LIBRARY = "libc++";
				CLANG_ENABLE_MODULES = YES;
				CLANG_ENABLE_OBJC_ARC = YES;
				CLANG_WARN_BOOL_CONVERSION = YES;
				CLANG_WARN_CONSTANT_CONVERSION = YES;
				CLANG_WARN_DIRECT_OBJC_ISA_USAGE = YES_ERROR;
				CLANG_WARN_EMPTY_BODY = YES;
				CLANG_WARN_ENUM_CONVERSION = YES;
				CLANG_WARN_INT_CONVERSION = YES;
				CLANG_WARN_OBJC_ROOT_CLASS = YES_ERROR;
				CLANG_WARN_UNREACHABLE_CODE = YES;
				CLANG_WARN__DUPLICATE_METHOD_MATCH = YES;
				"CODE_SIGN_IDENTITY[sdk=iphoneos*]" = "iPhone Developer";
				COPY_PHASE_STRIP = NO;
				ENABLE_STRICT_OBJC_MSGSEND = YES;
				GCC_C_LANGUAGE_STANDARD = gnu99;
				GCC_DYNAMIC_NO_PIC = NO;
				GCC_OPTIMIZATION_LEVEL = 0;
				GCC_PREPROCESSOR_DEFINITIONS = (
					"DEBUG=1",
					"$(inherited)",
				);
				GCC_SYMBOLS_PRIVATE_EXTERN = NO;
				GCC_WARN_64_TO_32_BIT_CONVERSION = YES;
				GCC_WARN_ABOUT_RETURN_TYPE = YES_ERROR;
				GCC_WARN_UNDECLARED_SELECTOR = YES;
				GCC_WARN_UNINITIALIZED_AUTOS = YES_AGGRESSIVE;
				GCC_WARN_UNUSED_FUNCTION = YES;
				GCC_WARN_UNUSED_VARIABLE = YES;
				IPHONEOS_DEPLOYMENT_TARGET = 8.1;
				MTL_ENABLE_DEBUG_INFO = YES;
				ONLY_ACTIVE_ARCH = YES;
				SDKROOT = iphoneos;
				TARGETED_DEVICE_FAMILY = "1,2";
			};
			name = Debug;
		};
		87E060421A48EE9C007F24D6 /* Release */ = {
			isa = XCBuildConfiguration;
			buildSettings = {
				ALWAYS_SEARCH_USER_PATHS = NO;
				CLANG_CXX_LANGUAGE_STANDARD = "gnu++0x";
				CLANG_CXX_LIBRARY = "libc++";
				CLANG_ENABLE_MODULES = YES;
				CLANG_ENABLE_OBJC_ARC = YES;
				CLANG_WARN_BOOL_CONVERSION = YES;
				CLANG_WARN_CONSTANT_CONVERSION = YES;
				CLANG_WARN_DIRECT_OBJC_ISA_USAGE = YES_ERROR;
				CLANG_WARN_EMPTY_BODY = YES;
				CLANG_WARN_ENUM_CONVERSION = YES;
				CLANG_WARN_INT_CONVERSION = YES;
				CLANG_WARN_OBJC_ROOT_CLASS = YES_ERROR;
				CLANG_WARN_UNREACHABLE_CODE = YES;
				CLANG_WARN__DUPLICATE_METHOD_MATCH = YES;
				"CODE_SIGN_IDENTITY[sdk=iphoneos*]" = "iPhone Developer";
				COPY_PHASE_STRIP = YES;
				ENABLE_NS_ASSERTIONS = NO;
				ENABLE_STRICT_OBJC_MSGSEND = YES;
				GCC_C_LANGUAGE_STANDARD = gnu99;
				GCC_WARN_64_TO_32_BIT_CONVERSION = YES;
				GCC_WARN_ABOUT_RETURN_TYPE = YES_ERROR;
				GCC_WARN_UNDECLARED_SELECTOR = YES;
				GCC_WARN_UNINITIALIZED_AUTOS = YES_AGGRESSIVE;
				GCC_WARN_UNUSED_FUNCTION = YES;
				GCC_WARN_UNUSED_VARIABLE = YES;
				IPHONEOS_DEPLOYMENT_TARGET = 8.1;
				MTL_ENABLE_DEBUG_INFO = NO;
				SDKROOT = iphoneos;
				TARGETED_DEVICE_FAMILY = "1,2";
				VALIDATE_PRODUCT = YES;
			};
			name = Release;
		};
		87E060441A48EE9C007F24D6 /* Debug */ = {
			isa = XCBuildConfiguration;
			buildSettings = {
				ASSETCATALOG_COMPILER_APPICON_NAME = AppIcon;
				INFOPLIST_FILE = Weatherly/Info.plist;
				LD_RUNPATH_SEARCH_PATHS = "$(inherited) @executable_path/Frameworks";
				PRODUCT_NAME = "$(TARGET_NAME)";
			};
			name = Debug;
		};
		87E060451A48EE9C007F24D6 /* Release */ = {
			isa = XCBuildConfiguration;
			buildSettings = {
				ASSETCATALOG_COMPILER_APPICON_NAME = AppIcon;
				INFOPLIST_FILE = Weatherly/Info.plist;
				LD_RUNPATH_SEARCH_PATHS = "$(inherited) @executable_path/Frameworks";
				PRODUCT_NAME = "$(TARGET_NAME)";
			};
			name = Release;
		};
		87E060471A48EE9C007F24D6 /* Debug */ = {
			isa = XCBuildConfiguration;
			buildSettings = {
				BUNDLE_LOADER = "$(TEST_HOST)";
				FRAMEWORK_SEARCH_PATHS = (
					"$(SDKROOT)/Developer/Library/Frameworks",
					"$(inherited)",
				);
				GCC_PREPROCESSOR_DEFINITIONS = (
					"DEBUG=1",
					"$(inherited)",
				);
				INFOPLIST_FILE = WeatherlyTests/Info.plist;
				LD_RUNPATH_SEARCH_PATHS = "$(inherited) @executable_path/Frameworks @loader_path/Frameworks";
				PRODUCT_NAME = "$(TARGET_NAME)";
				TEST_HOST = "$(BUILT_PRODUCTS_DIR)/Weatherly.app/Weatherly";
			};
			name = Debug;
		};
		87E060481A48EE9C007F24D6 /* Release */ = {
			isa = XCBuildConfiguration;
			buildSettings = {
				BUNDLE_LOADER = "$(TEST_HOST)";
				FRAMEWORK_SEARCH_PATHS = (
					"$(SDKROOT)/Developer/Library/Frameworks",
					"$(inherited)",
				);
				INFOPLIST_FILE = WeatherlyTests/Info.plist;
				LD_RUNPATH_SEARCH_PATHS = "$(inherited) @executable_path/Frameworks @loader_path/Frameworks";
				PRODUCT_NAME = "$(TARGET_NAME)";
				TEST_HOST = "$(BUILT_PRODUCTS_DIR)/Weatherly.app/Weatherly";
			};
			name = Release;
		};
/* End XCBuildConfiguration section */

/* Begin XCConfigurationList section */
		87E0601B1A48EE9C007F24D6 /* Build configuration list for PBXProject "Weatherly" */ = {
			isa = XCConfigurationList;
			buildConfigurations = (
				87E060411A48EE9C007F24D6 /* Debug */,
				87E060421A48EE9C007F24D6 /* Release */,
			);
			defaultConfigurationIsVisible = 0;
			defaultConfigurationName = Release;
		};
		87E060431A48EE9C007F24D6 /* Build configuration list for PBXNativeTarget "Weatherly" */ = {
			isa = XCConfigurationList;
			buildConfigurations = (
				87E060441A48EE9C007F24D6 /* Debug */,
				87E060451A48EE9C007F24D6 /* Release */,
			);
			defaultConfigurationIsVisible = 0;
			defaultConfigurationName = Release;
		};
		87E060461A48EE9C007F24D6 /* Build configuration list for PBXNativeTarget "WeatherlyTests" */ = {
			isa = XCConfigurationList;
			buildConfigurations = (
				87E060471A48EE9C007F24D6 /* Debug */,
				87E060481A48EE9C007F24D6 /* Release */,
			);
			defaultConfigurationIsVisible = 0;
			defaultConfigurationName = Release;
		};
/* End XCConfigurationList section */
	};
	rootObject = 87E060181A48EE9C007F24D6 /* Project object */;
}
